
Microsoft Visual Studio Solution File, Format Version 12.00
# Visual Studio Version 17
VisualStudioVersion = 17.8.34322.80
MinimumVisualStudioVersion = 10.0.40219.1
Project("{FAE04EC0-301F-11D3-BF4B-00C04F79EFBC}") = "Ejercicio 2", "Ejercicio 2\Ejercicio 2.csproj", "{3E924778-ADB4-46CB-BDE1-AB0C8F624107}"
EndProject
Global
	GlobalSection(SolutionConfigurationPlatforms) = preSolution
		Debug|Any CPU = Debug|Any CPU
		Release|Any CPU = Release|Any CPU
	EndGlobalSection
	GlobalSection(ProjectConfigurationPlatforms) = postSolution
		{3E924778-ADB4-46CB-BDE1-AB0C8F624107}.Debug|Any CPU.ActiveCfg = Debug|Any CPU
		{3E924778-ADB4-46CB-BDE1-AB0C8F624107}.Debug|Any CPU.Build.0 = Debug|Any CPU
		{3E924778-ADB4-46CB-BDE1-AB0C8F624107}.Release|Any CPU.ActiveCfg = Release|Any CPU
		{3E924778-ADB4-46CB-BDE1-AB0C8F624107}.Release|Any CPU.Build.0 = Release|Any CPU
	EndGlobalSection
	GlobalSection(SolutionProperties) = preSolution
		HideSolutionNode = FALSE
	EndGlobalSection
	GlobalSection(ExtensibilityGlobals) = postSolution
		SolutionGuid = {36BAA99E-066C-46F2-982F-5C2F3EE79266}
	EndGlobalSection
EndGlobal
