
Microsoft Visual Studio Solution File, Format Version 12.00
# Visual Studio Version 17
VisualStudioVersion = 17.8.34316.72
MinimumVisualStudioVersion = 10.0.40219.1
Project("{FAE04EC0-301F-11D3-BF4B-00C04F79EFBC}") = "ProyectoToken", "ProyectoToken\ProyectoToken.csproj", "{97C4CE77-B985-4DEC-AA53-7CC55EBBF9FC}"
EndProject
Global
	GlobalSection(SolutionConfigurationPlatforms) = preSolution
		Debug|Any CPU = Debug|Any CPU
		Release|Any CPU = Release|Any CPU
	EndGlobalSection
	GlobalSection(ProjectConfigurationPlatforms) = postSolution
		{97C4CE77-B985-4DEC-AA53-7CC55EBBF9FC}.Debug|Any CPU.ActiveCfg = Debug|Any CPU
		{97C4CE77-B985-4DEC-AA53-7CC55EBBF9FC}.Debug|Any CPU.Build.0 = Debug|Any CPU
		{97C4CE77-B985-4DEC-AA53-7CC55EBBF9FC}.Release|Any CPU.ActiveCfg = Release|Any CPU
		{97C4CE77-B985-4DEC-AA53-7CC55EBBF9FC}.Release|Any CPU.Build.0 = Release|Any CPU
	EndGlobalSection
	GlobalSection(SolutionProperties) = preSolution
		HideSolutionNode = FALSE
	EndGlobalSection
	GlobalSection(ExtensibilityGlobals) = postSolution
		SolutionGuid = {26562A1B-E7E5-4345-AA52-57F070FD0EB5}
	EndGlobalSection
EndGlobal
